
Microsoft Visual Studio Solution File, Format Version 12.00
# Visual Studio Version 17
VisualStudioVersion = 17.9.34723.18
MinimumVisualStudioVersion = 10.0.40219.1
Project("{FAE04EC0-301F-11D3-BF4B-00C04F79EFBC}") = "QuizGameAPI", "QuizGameAPI\QuizGameAPI.csproj", "{C1AF339C-520E-4FBA-A2D7-5351FBE747EB}"
EndProject
Global
	GlobalSection(SolutionConfigurationPlatforms) = preSolution
		Debug|Any CPU = Debug|Any CPU
		Release|Any CPU = Release|Any CPU
	EndGlobalSection
	GlobalSection(ProjectConfigurationPlatforms) = postSolution
		{C1AF339C-520E-4FBA-A2D7-5351FBE747EB}.Debug|Any CPU.ActiveCfg = Debug|Any CPU
		{C1AF339C-520E-4FBA-A2D7-5351FBE747EB}.Debug|Any CPU.Build.0 = Debug|Any CPU
		{C1AF339C-520E-4FBA-A2D7-5351FBE747EB}.Release|Any CPU.ActiveCfg = Release|Any CPU
		{C1AF339C-520E-4FBA-A2D7-5351FBE747EB}.Release|Any CPU.Build.0 = Release|Any CPU
	EndGlobalSection
	GlobalSection(SolutionProperties) = preSolution
		HideSolutionNode = FALSE
	EndGlobalSection
	GlobalSection(ExtensibilityGlobals) = postSolution
		SolutionGuid = {089EC43B-8CF3-41EC-98AB-F15DAC8EFFA0}
	EndGlobalSection
EndGlobal
